
Microsoft Visual Studio Solution File, Format Version 12.00
# Visual Studio Version 17
VisualStudioVersion = 17.5.33530.505
MinimumVisualStudioVersion = 10.0.40219.1
Project("{9A19103F-16F7-4668-BE54-9A1E7A4F7556}") = "Logic", "Logic\Logic.csproj", "{3A7F2BA7-C95B-4022-BA07-6E90B5495F44}"
EndProject
Project("{9A19103F-16F7-4668-BE54-9A1E7A4F7556}") = "Models", "Models\Models.csproj", "{82F68424-9E91-48E1-8178-19EA9F7A35BD}"
EndProject
Project("{9A19103F-16F7-4668-BE54-9A1E7A4F7556}") = "Repository", "Repository\Repository.csproj", "{1B34CF08-A321-4C28-9E91-5F19D9CF4673}"
EndProject
Project("{9A19103F-16F7-4668-BE54-9A1E7A4F7556}") = "Endpoint", "Endpoint\Endpoint.csproj", "{4777F850-83D8-4994-9E74-1AE0AE750326}"
EndProject
Project("{FAE04EC0-301F-11D3-BF4B-00C04F79EFBC}") = "Client", "Client\Client.csproj", "{DB7BA565-7CB2-4FBF-80C7-2E7D56C2037A}"
EndProject
Global
	GlobalSection(SolutionConfigurationPlatforms) = preSolution
		Debug|Any CPU = Debug|Any CPU
		Release|Any CPU = Release|Any CPU
	EndGlobalSection
	GlobalSection(ProjectConfigurationPlatforms) = postSolution
		{3A7F2BA7-C95B-4022-BA07-6E90B5495F44}.Debug|Any CPU.ActiveCfg = Debug|Any CPU
		{3A7F2BA7-C95B-4022-BA07-6E90B5495F44}.Debug|Any CPU.Build.0 = Debug|Any CPU
		{3A7F2BA7-C95B-4022-BA07-6E90B5495F44}.Release|Any CPU.ActiveCfg = Release|Any CPU
		{3A7F2BA7-C95B-4022-BA07-6E90B5495F44}.Release|Any CPU.Build.0 = Release|Any CPU
		{82F68424-9E91-48E1-8178-19EA9F7A35BD}.Debug|Any CPU.ActiveCfg = Debug|Any CPU
		{82F68424-9E91-48E1-8178-19EA9F7A35BD}.Debug|Any CPU.Build.0 = Debug|Any CPU
		{82F68424-9E91-48E1-8178-19EA9F7A35BD}.Release|Any CPU.ActiveCfg = Release|Any CPU
		{82F68424-9E91-48E1-8178-19EA9F7A35BD}.Release|Any CPU.Build.0 = Release|Any CPU
		{1B34CF08-A321-4C28-9E91-5F19D9CF4673}.Debug|Any CPU.ActiveCfg = Debug|Any CPU
		{1B34CF08-A321-4C28-9E91-5F19D9CF4673}.Debug|Any CPU.Build.0 = Debug|Any CPU
		{1B34CF08-A321-4C28-9E91-5F19D9CF4673}.Release|Any CPU.ActiveCfg = Release|Any CPU
		{1B34CF08-A321-4C28-9E91-5F19D9CF4673}.Release|Any CPU.Build.0 = Release|Any CPU
		{4777F850-83D8-4994-9E74-1AE0AE750326}.Debug|Any CPU.ActiveCfg = Debug|Any CPU
		{4777F850-83D8-4994-9E74-1AE0AE750326}.Debug|Any CPU.Build.0 = Debug|Any CPU
		{4777F850-83D8-4994-9E74-1AE0AE750326}.Release|Any CPU.ActiveCfg = Release|Any CPU
		{4777F850-83D8-4994-9E74-1AE0AE750326}.Release|Any CPU.Build.0 = Release|Any CPU
		{DB7BA565-7CB2-4FBF-80C7-2E7D56C2037A}.Debug|Any CPU.ActiveCfg = Debug|Any CPU
		{DB7BA565-7CB2-4FBF-80C7-2E7D56C2037A}.Debug|Any CPU.Build.0 = Debug|Any CPU
		{DB7BA565-7CB2-4FBF-80C7-2E7D56C2037A}.Release|Any CPU.ActiveCfg = Release|Any CPU
		{DB7BA565-7CB2-4FBF-80C7-2E7D56C2037A}.Release|Any CPU.Build.0 = Release|Any CPU
	EndGlobalSection
	GlobalSection(SolutionProperties) = preSolution
		HideSolutionNode = FALSE
	EndGlobalSection
	GlobalSection(ExtensibilityGlobals) = postSolution
		SolutionGuid = {97120079-C71E-421D-AD35-2E2FC297E66D}
	EndGlobalSection
EndGlobal
